
Microsoft Visual Studio Solution File, Format Version 12.00
# Visual Studio Version 16
VisualStudioVersion = 25.0.1700.0
MinimumVisualStudioVersion = 10.0.40219.1
Project("{FAE04EC0-301F-11D3-BF4B-00C04F79EFBC}") = "ITWebToolsUI", "ITWebToolsUI\ITWebToolsUI.csproj", "{9BF8C657-230E-451D-AE37-5E4FD5FD7031}"
EndProject
Project("{E53339B2-1760-4266-BCC7-CA923CBCF16C}") = "docker-compose", "docker-compose.dcproj", "{8D161ACF-BB6A-4801-84BF-FAD1E2F946B6}"
EndProject
Global
	GlobalSection(SolutionConfigurationPlatforms) = preSolution
		Debug|Any CPU = Debug|Any CPU
		Release|Any CPU = Release|Any CPU
	EndGlobalSection
	GlobalSection(ProjectConfigurationPlatforms) = postSolution
		{9BF8C657-230E-451D-AE37-5E4FD5FD7031}.Debug|Any CPU.ActiveCfg = Debug|Any CPU
		{9BF8C657-230E-451D-AE37-5E4FD5FD7031}.Debug|Any CPU.Build.0 = Debug|Any CPU
		{9BF8C657-230E-451D-AE37-5E4FD5FD7031}.Release|Any CPU.ActiveCfg = Release|Any CPU
		{9BF8C657-230E-451D-AE37-5E4FD5FD7031}.Release|Any CPU.Build.0 = Release|Any CPU
		{8D161ACF-BB6A-4801-84BF-FAD1E2F946B6}.Debug|Any CPU.ActiveCfg = Debug|Any CPU
		{8D161ACF-BB6A-4801-84BF-FAD1E2F946B6}.Debug|Any CPU.Build.0 = Debug|Any CPU
		{8D161ACF-BB6A-4801-84BF-FAD1E2F946B6}.Release|Any CPU.ActiveCfg = Release|Any CPU
		{8D161ACF-BB6A-4801-84BF-FAD1E2F946B6}.Release|Any CPU.Build.0 = Release|Any CPU
	EndGlobalSection
	GlobalSection(SolutionProperties) = preSolution
		HideSolutionNode = FALSE
	EndGlobalSection
	GlobalSection(ExtensibilityGlobals) = postSolution
		SolutionGuid = {85B2F77A-A0CB-4E48-A412-57C91F38AC8A}
	EndGlobalSection
EndGlobal
